
Microsoft Visual Studio Solution File, Format Version 12.00
# Visual Studio 14
VisualStudioVersion = 14.0.25123.0
MinimumVisualStudioVersion = 10.0.40219.1
Project("{FAE04EC0-301F-11D3-BF4B-00C04F79EFBC}") = "RpiLaserHost", "RpiLaserHost\RpiLaserHost.csproj", "{49063C0E-FC33-4C09-AA24-1F2818051F6C}"
EndProject
Project("{FAE04EC0-301F-11D3-BF4B-00C04F79EFBC}") = "RpiLaserHostWebNew", "RpiLaserHostWebNew\RpiLaserHostWebNew.csproj", "{C0FCEE2C-B956-468A-BBE6-35716778FD36}"
EndProject
Project("{FAE04EC0-301F-11D3-BF4B-00C04F79EFBC}") = "RpiLaserHostWpf", "RpiLaserHostWpf\RpiLaserHostWpf.csproj", "{CCCC72D5-F197-45E2-9DB6-2D1903AFCBE1}"
EndProject
Global
	GlobalSection(SolutionConfigurationPlatforms) = preSolution
		Debug|Any CPU = Debug|Any CPU
		Release|Any CPU = Release|Any CPU
	EndGlobalSection
	GlobalSection(ProjectConfigurationPlatforms) = postSolution
		{49063C0E-FC33-4C09-AA24-1F2818051F6C}.Debug|Any CPU.ActiveCfg = Debug|Any CPU
		{49063C0E-FC33-4C09-AA24-1F2818051F6C}.Debug|Any CPU.Build.0 = Debug|Any CPU
		{49063C0E-FC33-4C09-AA24-1F2818051F6C}.Release|Any CPU.ActiveCfg = Release|Any CPU
		{49063C0E-FC33-4C09-AA24-1F2818051F6C}.Release|Any CPU.Build.0 = Release|Any CPU
		{C0FCEE2C-B956-468A-BBE6-35716778FD36}.Debug|Any CPU.ActiveCfg = Debug|Any CPU
		{C0FCEE2C-B956-468A-BBE6-35716778FD36}.Debug|Any CPU.Build.0 = Debug|Any CPU
		{C0FCEE2C-B956-468A-BBE6-35716778FD36}.Release|Any CPU.ActiveCfg = Release|Any CPU
		{C0FCEE2C-B956-468A-BBE6-35716778FD36}.Release|Any CPU.Build.0 = Release|Any CPU
		{CCCC72D5-F197-45E2-9DB6-2D1903AFCBE1}.Debug|Any CPU.ActiveCfg = Debug|Any CPU
		{CCCC72D5-F197-45E2-9DB6-2D1903AFCBE1}.Debug|Any CPU.Build.0 = Debug|Any CPU
		{CCCC72D5-F197-45E2-9DB6-2D1903AFCBE1}.Release|Any CPU.ActiveCfg = Release|Any CPU
		{CCCC72D5-F197-45E2-9DB6-2D1903AFCBE1}.Release|Any CPU.Build.0 = Release|Any CPU
	EndGlobalSection
	GlobalSection(SolutionProperties) = preSolution
		HideSolutionNode = FALSE
	EndGlobalSection
EndGlobal
